lockfileVersion: '6.0'

settings:
  autoInstallPeers: true
  excludeLinksFromLockfile: false

devDependencies:
  chart.js:
    specifier: ^4.4.1
    version: 4.4.1

packages:

  /@kurkle/color@0.3.2:
    resolution: {integrity: sha512-fuscdXJ9G1qb7W8VdHi+IwRqij3lBkosAm4ydQtEmbY58OzHXqQhvlxqEkoz0yssNVn38bcpRWgA9PP+OGoisw==}
    dev: true

  /chart.js@4.4.1:
    resolution: {integrity: sha512-C74QN1bxwV1v2PEujhmKjOZ7iUM4w6BWs23Md/6aOZZSlwMzeCIDGuZay++rBgChYru7/+QFeoQW0fQoP534Dg==}
    engines: {pnpm: '>=7'}
    dependencies:
      '@kurkle/color': 0.3.2
    dev: true
