// !$*UTF8*$!
{
	archiveVersion = 1;
	classes = {
	};
	objectVersion = 56;
	objects = {

/* Begin PBXBuildFile section */
		681660E5290ED4F1002CFFB7 /* AppState.swift in Sources */ = {isa = PBXBuildFile; fileRef = 681660E4290ED4F1002CFFB7 /* AppState.swift */; };
		681660E7290ED515002CFFB7 /* ParkingLot.swift in Sources */ = {isa = PBXBuildFile; fileRef = 681660E6290ED515002CFFB7 /* ParkingLot.swift */; };
		68239DA3290ED14200C25ED6 /* wheretoparkApp.swift in Sources */ = {isa = PBXBuildFile; fileRef = 68239DA2290ED14200C25ED6 /* wheretoparkApp.swift */; };
		68239DA5290ED14200C25ED6 /* ContentView.swift in Sources */ = {isa = PBXBuildFile; fileRef = 68239DA4290ED14200C25ED6 /* ContentView.swift */; };
		68239DA7290ED14300C25ED6 /* Assets.xcassets in Resources */ = {isa = PBXBuildFile; fileRef = 68239DA6290ED14300C25ED6 /* Assets.xcassets */; };
		68239DAB290ED14300C25ED6 /* Preview Assets.xcassets in Resources */ = {isa = PBXBuildFile; fileRef = 68239DAA290ED14300C25ED6 /* Preview Assets.xcassets */; };
		68239DB5290ED14300C25ED6 /* wheretoparkTests.swift in Sources */ = {isa = PBXBuildFile; fileRef = 68239DB4290ED14300C25ED6 /* wheretoparkTests.swift */; };
		68239DBF290ED14300C25ED6 /* wheretoparkUITests.swift in Sources */ = {isa = PBXBuildFile; fileRef = 68239DBE290ED14300C25ED6 /* wheretoparkUITests.swift */; };
		68239DC1290ED14300C25ED6 /* wheretoparkUITestsLaunchTests.swift in Sources */ = {isa = PBXBuildFile; fileRef = 68239DC0290ED14300C25ED6 /* wheretoparkUITestsLaunchTests.swift */; };
		68BBFA94290ED67E0012512D /* LocationManager.swift in Sources */ = {isa = PBXBuildFile; fileRef = 68BBFA93290ED67E0012512D /* LocationManager.swift */; };
		68BBFA96290ED6B10012512D /* AppEnvironment.swift in Sources */ = {isa = PBXBuildFile; fileRef = 68BBFA95290ED6B10012512D /* AppEnvironment.swift */; };
		68BBFA98290ED6CB0012512D /* DatabaseClient.swift in Sources */ = {isa = PBXBuildFile; fileRef = 68BBFA97290ED6CB0012512D /* DatabaseClient.swift */; };
		68BBFA9A290ED78F0012512D /* MailView.swift in Sources */ = {isa = PBXBuildFile; fileRef = 68BBFA99290ED78F0012512D /* MailView.swift */; };
		68BBFA9C290ED7AD0012512D /* MapView.swift in Sources */ = {isa = PBXBuildFile; fileRef = 68BBFA9B290ED7AD0012512D /* MapView.swift */; };
		68BBFA9E290ED7CC0012512D /* LoadingView.swift in Sources */ = {isa = PBXBuildFile; fileRef = 68BBFA9D290ED7CC0012512D /* LoadingView.swift */; };
		68BBFAA0290ED86A0012512D /* ListView.swift in Sources */ = {isa = PBXBuildFile; fileRef = 68BBFA9F290ED86A0012512D /* ListView.swift */; };
		68BBFAA2290ED8940012512D /* BottomSheet.swift in Sources */ = {isa = PBXBuildFile; fileRef = 68BBFAA1290ED8940012512D /* BottomSheet.swift */; };
		68BBFAA4290ED8AB0012512D /* DetailsView.swift in Sources */ = {isa = PBXBuildFile; fileRef = 68BBFAA3290ED8AB0012512D /* DetailsView.swift */; };
		68BBFAA7290ED8E40012512D /* PhoneNumberKit in Frameworks */ = {isa = PBXBuildFile; productRef = 68BBFAA6290ED8E40012512D /* PhoneNumberKit */; };
		68BBFAA9290ED8F60012512D /* FavouriteManager.swift in Sources */ = {isa = PBXBuildFile; fileRef = 68BBFAA8290ED8F60012512D /* FavouriteManager.swift */; };
		68BBFAAB290ED9700012512D /* Utilities.swift in Sources */ = {isa = PBXBuildFile; fileRef = 68BBFAAA290ED9700012512D /* Utilities.swift */; };
		68BBFAAE290EED880012512D /* CodableGeoJSON in Frameworks */ = {isa = PBXBuildFile; productRef = 68BBFAAD290EED880012512D /* CodableGeoJSON */; };
		68BBFAB4290EFC750012512D /* Swift-ISO8601-DurationParser in Frameworks */ = {isa = PBXBuildFile; productRef = 68BBFAB3290EFC750012512D /* Swift-ISO8601-DurationParser */; };
		68BBFAB7290EFD600012512D /* DefaultCodable in Frameworks */ = {isa = PBXBuildFile; productRef = 68BBFAB6290EFD600012512D /* DefaultCodable */; };
/* End PBXBuildFile section */

/* Begin PBXContainerItemProxy section */
		68239DB1290ED14300C25ED6 /* PBXContainerItemProxy */ = {
			isa = PBXContainerItemProxy;
			containerPortal = 68239D97290ED14100C25ED6 /* Project object */;
			proxyType = 1;
			remoteGlobalIDString = 68239D9E290ED14200C25ED6;
			remoteInfo = wheretopark;
		};
		68239DBB290ED14300C25ED6 /* PBXContainerItemProxy */ = {
			isa = PBXContainerItemProxy;
			containerPortal = 68239D97290ED14100C25ED6 /* Project object */;
			proxyType = 1;
			remoteGlobalIDString = 68239D9E290ED14200C25ED6;
			remoteInfo = wheretopark;
		};
/* End PBXContainerItemProxy section */

/* Begin PBXFileReference section */
		681660E4290ED4F1002CFFB7 /* AppState.swift */ = {isa = PBXFileReference; lastKnownFileType = sourcecode.swift; path = AppState.swift; sourceTree = "<group>"; };
		681660E6290ED515002CFFB7 /* ParkingLot.swift */ = {isa = PBXFileReference; lastKnownFileType = sourcecode.swift; path = ParkingLot.swift; sourceTree = "<group>"; };
		68239D9F290ED14200C25ED6 /* wheretopark.app */ = {isa = PBXFileReference; explicitFileType = wrapper.application; includeInIndex = 0; path = wheretopark.app; sourceTree = BUILT_PRODUCTS_DIR; };
		68239DA2290ED14200C25ED6 /* wheretoparkApp.swift */ = {isa = PBXFileReference; lastKnownFileType = sourcecode.swift; path = wheretoparkApp.swift; sourceTree = "<group>"; };
		68239DA4290ED14200C25ED6 /* ContentView.swift */ = {isa = PBXFileReference; lastKnownFileType = sourcecode.swift; path = ContentView.swift; sourceTree = "<group>"; };
		68239DA6290ED14300C25ED6 /* Assets.xcassets */ = {isa = PBXFileReference; lastKnownFileType = folder.assetcatalog; path = Assets.xcassets; sourceTree = "<group>"; };
		68239DA8290ED14300C25ED6 /* wheretopark.entitlements */ = {isa = PBXFileReference; lastKnownFileType = text.plist.entitlements; path = wheretopark.entitlements; sourceTree = "<group>"; };
		68239DAA290ED14300C25ED6 /* Preview Assets.xcassets */ = {isa = PBXFileReference; lastKnownFileType = folder.assetcatalog; path = "Preview Assets.xcassets"; sourceTree = "<group>"; };
		68239DB0290ED14300C25ED6 /* wheretoparkTests.xctest */ = {isa = PBXFileReference; explicitFileType = wrapper.cfbundle; includeInIndex = 0; path = wheretoparkTests.xctest; sourceTree = BUILT_PRODUCTS_DIR; };
		68239DB4290ED14300C25ED6 /* wheretoparkTests.swift */ = {isa = PBXFileReference; lastKnownFileType = sourcecode.swift; path = wheretoparkTests.swift; sourceTree = "<group>"; };
		68239DBA290ED14300C25ED6 /* wheretoparkUITests.xctest */ = {isa = PBXFileReference; explicitFileType = wrapper.cfbundle; includeInIndex = 0; path = wheretoparkUITests.xctest; sourceTree = BUILT_PRODUCTS_DIR; };
		68239DBE290ED14300C25ED6 /* wheretoparkUITests.swift */ = {isa = PBXFileReference; lastKnownFileType = sourcecode.swift; path = wheretoparkUITests.swift; sourceTree = "<group>"; };
		68239DC0290ED14300C25ED6 /* wheretoparkUITestsLaunchTests.swift */ = {isa = PBXFileReference; lastKnownFileType = sourcecode.swift; path = wheretoparkUITestsLaunchTests.swift; sourceTree = "<group>"; };
		68BBFA93290ED67E0012512D /* LocationManager.swift */ = {isa = PBXFileReference; lastKnownFileType = sourcecode.swift; path = LocationManager.swift; sourceTree = "<group>"; };
		68BBFA95290ED6B10012512D /* AppEnvironment.swift */ = {isa = PBXFileReference; lastKnownFileType = sourcecode.swift; path = AppEnvironment.swift; sourceTree = "<group>"; };
		68BBFA97290ED6CB0012512D /* DatabaseClient.swift */ = {isa = PBXFileReference; lastKnownFileType = sourcecode.swift; path = DatabaseClient.swift; sourceTree = "<group>"; };
		68BBFA99290ED78F0012512D /* MailView.swift */ = {isa = PBXFileReference; lastKnownFileType = sourcecode.swift; path = MailView.swift; sourceTree = "<group>"; };
		68BBFA9B290ED7AD0012512D /* MapView.swift */ = {isa = PBXFileReference; lastKnownFileType = sourcecode.swift; path = MapView.swift; sourceTree = "<group>"; };
		68BBFA9D290ED7CC0012512D /* LoadingView.swift */ = {isa = PBXFileReference; lastKnownFileType = sourcecode.swift; path = LoadingView.swift; sourceTree = "<group>"; };
		68BBFA9F290ED86A0012512D /* ListView.swift */ = {isa = PBXFileReference; lastKnownFileType = sourcecode.swift; path = ListView.swift; sourceTree = "<group>"; };
		68BBFAA1290ED8940012512D /* BottomSheet.swift */ = {isa = PBXFileReference; lastKnownFileType = sourcecode.swift; path = BottomSheet.swift; sourceTree = "<group>"; };
		68BBFAA3290ED8AB0012512D /* DetailsView.swift */ = {isa = PBXFileReference; lastKnownFileType = sourcecode.swift; path = DetailsView.swift; sourceTree = "<group>"; };
		68BBFAA8290ED8F60012512D /* FavouriteManager.swift */ = {isa = PBXFileReference; lastKnownFileType = sourcecode.swift; path = FavouriteManager.swift; sourceTree = "<group>"; };
		68BBFAAA290ED9700012512D /* Utilities.swift */ = {isa = PBXFileReference; lastKnownFileType = sourcecode.swift; path = Utilities.swift; sourceTree = "<group>"; };
		68BBFAAF290EF7450012512D /* Development.xcconfig */ = {isa = PBXFileReference; lastKnownFileType = text.xcconfig; path = Development.xcconfig; sourceTree = "<group>"; };
		68BBFAB0290EF7760012512D /* Production.xcconfig */ = {isa = PBXFileReference; lastKnownFileType = text.xcconfig; path = Production.xcconfig; sourceTree = "<group>"; };
		68BBFAB1290EF7BC0012512D /* Info.plist */ = {isa = PBXFileReference; lastKnownFileType = text.plist; path = Info.plist; sourceTree = "<group>"; };
/* End PBXFileReference section */

/* Begin PBXFrameworksBuildPhase section */
		68239D9C290ED14200C25ED6 /* Frameworks */ = {
			isa = PBXFrameworksBuildPhase;
			buildActionMask = 2147483647;
			files = (
				68BBFAB4290EFC750012512D /* Swift-ISO8601-DurationParser in Frameworks */,
				68BBFAB7290EFD600012512D /* DefaultCodable in Frameworks */,
				68BBFAA7290ED8E40012512D /* PhoneNumberKit in Frameworks */,
				68BBFAAE290EED880012512D /* CodableGeoJSON in Frameworks */,
			);
			runOnlyForDeploymentPostprocessing = 0;
		};
		68239DAD290ED14300C25ED6 /* Frameworks */ = {
			isa = PBXFrameworksBuildPhase;
			buildActionMask = 2147483647;
			files = (
			);
			runOnlyForDeploymentPostprocessing = 0;
		};
		68239DB7290ED14300C25ED6 /* Frameworks */ = {
			isa = PBXFrameworksBuildPhase;
			buildActionMask = 2147483647;
			files = (
			);
			runOnlyForDeploymentPostprocessing = 0;
		};
/* End PBXFrameworksBuildPhase section */

/* Begin PBXGroup section */
		68239D96290ED14100C25ED6 = {
			isa = PBXGroup;
			children = (
				68239DA1290ED14200C25ED6 /* wheretopark */,
				68239DB3290ED14300C25ED6 /* wheretoparkTests */,
				68239DBD290ED14300C25ED6 /* wheretoparkUITests */,
				68239DA0290ED14200C25ED6 /* Products */,
			);
			sourceTree = "<group>";
		};
		68239DA0290ED14200C25ED6 /* Products */ = {
			isa = PBXGroup;
			children = (
				68239D9F290ED14200C25ED6 /* wheretopark.app */,
				68239DB0290ED14300C25ED6 /* wheretoparkTests.xctest */,
				68239DBA290ED14300C25ED6 /* wheretoparkUITests.xctest */,
			);
			name = Products;
			sourceTree = "<group>";
		};
		68239DA1290ED14200C25ED6 /* wheretopark */ = {
			isa = PBXGroup;
			children = (
				68BBFAB1290EF7BC0012512D /* Info.plist */,
				68239DA2290ED14200C25ED6 /* wheretoparkApp.swift */,
				68239DA4290ED14200C25ED6 /* ContentView.swift */,
				68239DA6290ED14300C25ED6 /* Assets.xcassets */,
				68239DA8290ED14300C25ED6 /* wheretopark.entitlements */,
				68239DA9290ED14300C25ED6 /* Preview Content */,
				681660E4290ED4F1002CFFB7 /* AppState.swift */,
				681660E6290ED515002CFFB7 /* ParkingLot.swift */,
				68BBFA93290ED67E0012512D /* LocationManager.swift */,
				68BBFA95290ED6B10012512D /* AppEnvironment.swift */,
				68BBFA97290ED6CB0012512D /* DatabaseClient.swift */,
				68BBFA99290ED78F0012512D /* MailView.swift */,
				68BBFA9B290ED7AD0012512D /* MapView.swift */,
				68BBFA9D290ED7CC0012512D /* LoadingView.swift */,
				68BBFA9F290ED86A0012512D /* ListView.swift */,
				68BBFAA1290ED8940012512D /* BottomSheet.swift */,
				68BBFAA3290ED8AB0012512D /* DetailsView.swift */,
				68BBFAA8290ED8F60012512D /* FavouriteManager.swift */,
				68BBFAAA290ED9700012512D /* Utilities.swift */,
				68BBFAAF290EF7450012512D /* Development.xcconfig */,
				68BBFAB0290EF7760012512D /* Production.xcconfig */,
			);
			path = wheretopark;
			sourceTree = "<group>";
		};
		68239DA9290ED14300C25ED6 /* Preview Content */ = {
			isa = PBXGroup;
			children = (
				68239DAA290ED14300C25ED6 /* Preview Assets.xcassets */,
			);
			path = "Preview Content";
			sourceTree = "<group>";
		};
		68239DB3290ED14300C25ED6 /* wheretoparkTests */ = {
			isa = PBXGroup;
			children = (
				68239DB4290ED14300C25ED6 /* wheretoparkTests.swift */,
			);
			path = wheretoparkTests;
			sourceTree = "<group>";
		};
		68239DBD290ED14300C25ED6 /* wheretoparkUITests */ = {
			isa = PBXGroup;
			children = (
				68239DBE290ED14300C25ED6 /* wheretoparkUITests.swift */,
				68239DC0290ED14300C25ED6 /* wheretoparkUITestsLaunchTests.swift */,
			);
			path = wheretoparkUITests;
			sourceTree = "<group>";
		};
/* End PBXGroup section */

/* Begin PBXNativeTarget section */
		68239D9E290ED14200C25ED6 /* wheretopark */ = {
			isa = PBXNativeTarget;
			buildConfigurationList = 68239DC4290ED14300C25ED6 /* Build configuration list for PBXNativeTarget "wheretopark" */;
			buildPhases = (
				68239D9B290ED14200C25ED6 /* Sources */,
				68239D9C290ED14200C25ED6 /* Frameworks */,
				68239D9D290ED14200C25ED6 /* Resources */,
			);
			buildRules = (
			);
			dependencies = (
			);
			name = wheretopark;
			packageProductDependencies = (
				68BBFAA6290ED8E40012512D /* PhoneNumberKit */,
				68BBFAAD290EED880012512D /* CodableGeoJSON */,
				68BBFAB3290EFC750012512D /* Swift-ISO8601-DurationParser */,
				68BBFAB6290EFD600012512D /* DefaultCodable */,
			);
			productName = wheretopark;
			productReference = 68239D9F290ED14200C25ED6 /* wheretopark.app */;
			productType = "com.apple.product-type.application";
		};
		68239DAF290ED14300C25ED6 /* wheretoparkTests */ = {
			isa = PBXNativeTarget;
			buildConfigurationList = 68239DC7290ED14300C25ED6 /* Build configuration list for PBXNativeTarget "wheretoparkTests" */;
			buildPhases = (
				68239DAC290ED14300C25ED6 /* Sources */,
				68239DAD290ED14300C25ED6 /* Frameworks */,
				68239DAE290ED14300C25ED6 /* Resources */,
			);
			buildRules = (
			);
			dependencies = (
				68239DB2290ED14300C25ED6 /* PBXTargetDependency */,
			);
			name = wheretoparkTests;
			productName = wheretoparkTests;
			productReference = 68239DB0290ED14300C25ED6 /* wheretoparkTests.xctest */;
			productType = "com.apple.product-type.bundle.unit-test";
		};
		68239DB9290ED14300C25ED6 /* wheretoparkUITests */ = {
			isa = PBXNativeTarget;
			buildConfigurationList = 68239DCA290ED14300C25ED6 /* Build configuration list for PBXNativeTarget "wheretoparkUITests" */;
			buildPhases = (
				68239DB6290ED14300C25ED6 /* Sources */,
				68239DB7290ED14300C25ED6 /* Frameworks */,
				68239DB8290ED14300C25ED6 /* Resources */,
			);
			buildRules = (
			);
			dependencies = (
				68239DBC290ED14300C25ED6 /* PBXTargetDependency */,
			);
			name = wheretoparkUITests;
			productName = wheretoparkUITests;
			productReference = 68239DBA290ED14300C25ED6 /* wheretoparkUITests.xctest */;
			productType = "com.apple.product-type.bundle.ui-testing";
		};
/* End PBXNativeTarget section */

/* Begin PBXProject section */
		68239D97290ED14100C25ED6 /* Project object */ = {
			isa = PBXProject;
			attributes = {
				BuildIndependentTargetsInParallel = 1;
				LastSwiftUpdateCheck = 1400;
				LastUpgradeCheck = 1410;
				TargetAttributes = {
					68239D9E290ED14200C25ED6 = {
						CreatedOnToolsVersion = 14.0.1;
					};
					68239DAF290ED14300C25ED6 = {
						CreatedOnToolsVersion = 14.0.1;
						TestTargetID = 68239D9E290ED14200C25ED6;
					};
					68239DB9290ED14300C25ED6 = {
						CreatedOnToolsVersion = 14.0.1;
						TestTargetID = 68239D9E290ED14200C25ED6;
					};
				};
			};
			buildConfigurationList = 68239D9A290ED14100C25ED6 /* Build configuration list for PBXProject "wheretopark" */;
			compatibilityVersion = "Xcode 14.0";
			developmentRegion = en;
			hasScannedForEncodings = 0;
			knownRegions = (
				en,
				Base,
			);
			mainGroup = 68239D96290ED14100C25ED6;
			packageReferences = (
				68BBFAA5290ED8E40012512D /* XCRemoteSwiftPackageReference "PhoneNumberKit" */,
				68BBFAAC290EED880012512D /* XCRemoteSwiftPackageReference "CodableGeoJSON" */,
				68BBFAB2290EFC750012512D /* XCRemoteSwiftPackageReference "Swift-ISO8601-DurationParser" */,
				68BBFAB5290EFD600012512D /* XCRemoteSwiftPackageReference "DefaultCodable" */,
			);
			productRefGroup = 68239DA0290ED14200C25ED6 /* Products */;
			projectDirPath = "";
			projectRoot = "";
			targets = (
				68239D9E290ED14200C25ED6 /* wheretopark */,
				68239DAF290ED14300C25ED6 /* wheretoparkTests */,
				68239DB9290ED14300C25ED6 /* wheretoparkUITests */,
			);
		};
/* End PBXProject section */

/* Begin PBXResourcesBuildPhase section */
		68239D9D290ED14200C25ED6 /* Resources */ = {
			isa = PBXResourcesBuildPhase;
			buildActionMask = 2147483647;
			files = (
				68239DAB290ED14300C25ED6 /* Preview Assets.xcassets in Resources */,
				68239DA7290ED14300C25ED6 /* Assets.xcassets in Resources */,
			);
			runOnlyForDeploymentPostprocessing = 0;
		};
		68239DAE290ED14300C25ED6 /* Resources */ = {
			isa = PBXResourcesBuildPhase;
			buildActionMask = 2147483647;
			files = (
			);
			runOnlyForDeploymentPostprocessing = 0;
		};
		68239DB8290ED14300C25ED6 /* Resources */ = {
			isa = PBXResourcesBuildPhase;
			buildActionMask = 2147483647;
			files = (
			);
			runOnlyForDeploymentPostprocessing = 0;
		};
/* End PBXResourcesBuildPhase section */

/* Begin PBXSourcesBuildPhase section */
		68239D9B290ED14200C25ED6 /* Sources */ = {
			isa = PBXSourcesBuildPhase;
			buildActionMask = 2147483647;
			files = (
				68BBFA98290ED6CB0012512D /* DatabaseClient.swift in Sources */,
				681660E5290ED4F1002CFFB7 /* AppState.swift in Sources */,
				68239DA5290ED14200C25ED6 /* ContentView.swift in Sources */,
				68BBFAAB290ED9700012512D /* Utilities.swift in Sources */,
				68BBFA9E290ED7CC0012512D /* LoadingView.swift in Sources */,
				68BBFA94290ED67E0012512D /* LocationManager.swift in Sources */,
				681660E7290ED515002CFFB7 /* ParkingLot.swift in Sources */,
				68BBFAA4290ED8AB0012512D /* DetailsView.swift in Sources */,
				68239DA3290ED14200C25ED6 /* wheretoparkApp.swift in Sources */,
				68BBFA96290ED6B10012512D /* AppEnvironment.swift in Sources */,
				68BBFAA0290ED86A0012512D /* ListView.swift in Sources */,
				68BBFA9C290ED7AD0012512D /* MapView.swift in Sources */,
				68BBFAA2290ED8940012512D /* BottomSheet.swift in Sources */,
				68BBFA9A290ED78F0012512D /* MailView.swift in Sources */,
				68BBFAA9290ED8F60012512D /* FavouriteManager.swift in Sources */,
			);
			runOnlyForDeploymentPostprocessing = 0;
		};
		68239DAC290ED14300C25ED6 /* Sources */ = {
			isa = PBXSourcesBuildPhase;
			buildActionMask = 2147483647;
			files = (
				68239DB5290ED14300C25ED6 /* wheretoparkTests.swift in Sources */,
			);
			runOnlyForDeploymentPostprocessing = 0;
		};
		68239DB6290ED14300C25ED6 /* Sources */ = {
			isa = PBXSourcesBuildPhase;
			buildActionMask = 2147483647;
			files = (
				68239DBF290ED14300C25ED6 /* wheretoparkUITests.swift in Sources */,
				68239DC1290ED14300C25ED6 /* wheretoparkUITestsLaunchTests.swift in Sources */,
			);
			runOnlyForDeploymentPostprocessing = 0;
		};
/* End PBXSourcesBuildPhase section */

/* Begin PBXTargetDependency section */
		68239DB2290ED14300C25ED6 /* PBXTargetDependency */ = {
			isa = PBXTargetDependency;
			target = 68239D9E290ED14200C25ED6 /* wheretopark */;
			targetProxy = 68239DB1290ED14300C25ED6 /* PBXContainerItemProxy */;
		};
		68239DBC290ED14300C25ED6 /* PBXTargetDependency */ = {
			isa = PBXTargetDependency;
			target = 68239D9E290ED14200C25ED6 /* wheretopark */;
			targetProxy = 68239DBB290ED14300C25ED6 /* PBXContainerItemProxy */;
		};
/* End PBXTargetDependency section */

/* Begin XCBuildConfiguration section */
		68239DC2290ED14300C25ED6 /* Debug */ = {
			isa = XCBuildConfiguration;
			baseConfigurationReference = 68BBFAAF290EF7450012512D /* Development.xcconfig */;
			buildSettings = {
				ALWAYS_SEARCH_USER_PATHS = NO;
				CLANG_ANALYZER_NONNULL = YES;
				CLANG_ANALYZER_NUMBER_OBJECT_CONVERSION = YES_AGGRESSIVE;
				CLANG_CXX_LANGUAGE_STANDARD = "gnu++20";
				CLANG_ENABLE_MODULES = YES;
				CLANG_ENABLE_OBJC_ARC = YES;
				CLANG_ENABLE_OBJC_WEAK = YES;
				CLANG_WARN_BLOCK_CAPTURE_AUTORELEASING = YES;
				CLANG_WARN_BOOL_CONVERSION = YES;
				CLANG_WARN_COMMA = YES;
				CLANG_WARN_CONSTANT_CONVERSION = YES;
				CLANG_WARN_DEPRECATED_OBJC_IMPLEMENTATIONS = YES;
				CLANG_WARN_DIRECT_OBJC_ISA_USAGE = YES_ERROR;
				CLANG_WARN_DOCUMENTATION_COMMENTS = YES;
				CLANG_WARN_EMPTY_BODY = YES;
				CLANG_WARN_ENUM_CONVERSION = YES;
				CLANG_WARN_INFINITE_RECURSION = YES;
				CLANG_WARN_INT_CONVERSION = YES;
				CLANG_WARN_NON_LITERAL_NULL_CONVERSION = YES;
				CLANG_WARN_OBJC_IMPLICIT_RETAIN_SELF = YES;
				CLANG_WARN_OBJC_LITERAL_CONVERSION = YES;
				CLANG_WARN_OBJC_ROOT_CLASS = YES_ERROR;
				CLANG_WARN_QUOTED_INCLUDE_IN_FRAMEWORK_HEADER = YES;
				CLANG_WARN_RANGE_LOOP_ANALYSIS = YES;
				CLANG_WARN_STRICT_PROTOTYPES = YES;
				CLANG_WARN_SUSPICIOUS_MOVE = YES;
				CLANG_WARN_UNGUARDED_AVAILABILITY = YES_AGGRESSIVE;
				CLANG_WARN_UNREACHABLE_CODE = YES;
				CLANG_WARN__DUPLICATE_METHOD_MATCH = YES;
				COPY_PHASE_STRIP = NO;
				DEAD_CODE_STRIPPING = YES;
				DEBUG_INFORMATION_FORMAT = dwarf;
				ENABLE_STRICT_OBJC_MSGSEND = YES;
				ENABLE_TESTABILITY = YES;
				GCC_C_LANGUAGE_STANDARD = gnu11;
				GCC_DYNAMIC_NO_PIC = NO;
				GCC_NO_COMMON_BLOCKS = YES;
				GCC_OPTIMIZATION_LEVEL = 0;
				GCC_PREPROCESSOR_DEFINITIONS = (
					"DEBUG=1",
					"$(inherited)",
				);
				GCC_WARN_64_TO_32_BIT_CONVERSION = YES;
				GCC_WARN_ABOUT_RETURN_TYPE = YES_ERROR;
				GCC_WARN_UNDECLARED_SELECTOR = YES;
				GCC_WARN_UNINITIALIZED_AUTOS = YES_AGGRESSIVE;
				GCC_WARN_UNUSED_FUNCTION = YES;
				GCC_WARN_UNUSED_VARIABLE = YES;
				MTL_ENABLE_DEBUG_INFO = INCLUDE_SOURCE;
				MTL_FAST_MATH = YES;
				ONLY_ACTIVE_ARCH = YES;
				SWIFT_ACTIVE_COMPILATION_CONDITIONS = DEBUG;
				SWIFT_OPTIMIZATION_LEVEL = "-Onone";
			};
			name = Debug;
		};
		68239DC3290ED14300C25ED6 /* Release */ = {
			isa = XCBuildConfiguration;
			buildSettings = {
				ALWAYS_SEARCH_USER_PATHS = NO;
				CLANG_ANALYZER_NONNULL = YES;
				CLANG_ANALYZER_NUMBER_OBJECT_CONVERSION = YES_AGGRESSIVE;
				CLANG_CXX_LANGUAGE_STANDARD = "gnu++20";
				CLANG_ENABLE_MODULES = YES;
				CLANG_ENABLE_OBJC_ARC = YES;
				CLANG_ENABLE_OBJC_WEAK = YES;
				CLANG_WARN_BLOCK_CAPTURE_AUTORELEASING = YES;
				CLANG_WARN_BOOL_CONVERSION = YES;
				CLANG_WARN_COMMA = YES;
				CLANG_WARN_CONSTANT_CONVERSION = YES;
				CLANG_WARN_DEPRECATED_OBJC_IMPLEMENTATIONS = YES;
				CLANG_WARN_DIRECT_OBJC_ISA_USAGE = YES_ERROR;
				CLANG_WARN_DOCUMENTATION_COMMENTS = YES;
				CLANG_WARN_EMPTY_BODY = YES;
				CLANG_WARN_ENUM_CONVERSION = YES;
				CLANG_WARN_INFINITE_RECURSION = YES;
				CLANG_WARN_INT_CONVERSION = YES;
				CLANG_WARN_NON_LITERAL_NULL_CONVERSION = YES;
				CLANG_WARN_OBJC_IMPLICIT_RETAIN_SELF = YES;
				CLANG_WARN_OBJC_LITERAL_CONVERSION = YES;
				CLANG_WARN_OBJC_ROOT_CLASS = YES_ERROR;
				CLANG_WARN_QUOTED_INCLUDE_IN_FRAMEWORK_HEADER = YES;
				CLANG_WARN_RANGE_LOOP_ANALYSIS = YES;
				CLANG_WARN_STRICT_PROTOTYPES = YES;
				CLANG_WARN_SUSPICIOUS_MOVE = YES;
				CLANG_WARN_UNGUARDED_AVAILABILITY = YES_AGGRESSIVE;
				CLANG_WARN_UNREACHABLE_CODE = YES;
				CLANG_WARN__DUPLICATE_METHOD_MATCH = YES;
				COPY_PHASE_STRIP = NO;
				DEAD_CODE_STRIPPING = YES;
				DEBUG_INFORMATION_FORMAT = "dwarf-with-dsym";
				ENABLE_NS_ASSERTIONS = NO;
				ENABLE_STRICT_OBJC_MSGSEND = YES;
				GCC_C_LANGUAGE_STANDARD = gnu11;
				GCC_NO_COMMON_BLOCKS = YES;
				GCC_WARN_64_TO_32_BIT_CONVERSION = YES;
				GCC_WARN_ABOUT_RETURN_TYPE = YES_ERROR;
				GCC_WARN_UNDECLARED_SELECTOR = YES;
				GCC_WARN_UNINITIALIZED_AUTOS = YES_AGGRESSIVE;
				GCC_WARN_UNUSED_FUNCTION = YES;
				GCC_WARN_UNUSED_VARIABLE = YES;
				MTL_ENABLE_DEBUG_INFO = NO;
				MTL_FAST_MATH = YES;
				SWIFT_COMPILATION_MODE = wholemodule;
				SWIFT_OPTIMIZATION_LEVEL = "-O";
			};
			name = Release;
		};
		68239DC5290ED14300C25ED6 /* Debug */ = {
			isa = XCBuildConfiguration;
			buildSettings = {
				ASSETCATALOG_COMPILER_APPICON_NAME = AppIcon;
				ASSETCATALOG_COMPILER_GLOBAL_ACCENT_COLOR_NAME = AccentColor;
				CODE_SIGN_ENTITLEMENTS = wheretopark/wheretopark.entitlements;
				CODE_SIGN_IDENTITY = "-";
				CODE_SIGN_STYLE = Automatic;
				CURRENT_PROJECT_VERSION = 1;
				DEAD_CODE_STRIPPING = YES;
				DEVELOPMENT_ASSET_PATHS = "\"wheretopark/Preview Content\"";
				DEVELOPMENT_TEAM = Y9G849JS52;
				ENABLE_HARDENED_RUNTIME = YES;
				ENABLE_PREVIEWS = YES;
				GENERATE_INFOPLIST_FILE = YES;
				INFOPLIST_FILE = wheretopark/Info.plist;
				INFOPLIST_KEY_CFBundleDisplayName = DevToPark;
				INFOPLIST_KEY_NSLocationWhenInUseUsageDescription = "Location is required to show current location on map, and sort nearby parking lots by distance.";
				"INFOPLIST_KEY_UIApplicationSceneManifest_Generation[sdk=iphoneos*]" = YES;
				"INFOPLIST_KEY_UIApplicationSceneManifest_Generation[sdk=iphonesimulator*]" = YES;
				"INFOPLIST_KEY_UIApplicationSupportsIndirectInputEvents[sdk=iphoneos*]" = YES;
				"INFOPLIST_KEY_UIApplicationSupportsIndirectInputEvents[sdk=iphonesimulator*]" = YES;
				"INFOPLIST_KEY_UILaunchScreen_Generation[sdk=iphoneos*]" = YES;
				"INFOPLIST_KEY_UILaunchScreen_Generation[sdk=iphonesimulator*]" = YES;
				"INFOPLIST_KEY_UIStatusBarStyle[sdk=iphoneos*]" = UIStatusBarStyleDefault;
				"INFOPLIST_KEY_UIStatusBarStyle[sdk=iphonesimulator*]" = UIStatusBarStyleDefault;
				INFOPLIST_KEY_UISupportedInterfaceOrientations_iPad = "UIInterfaceOrientationPortrait UIInterfaceOrientationPortraitUpsideDown UIInterfaceOrientationLandscapeLeft UIInterfaceOrientationLandscapeRight";
				INFOPLIST_KEY_UISupportedInterfaceOrientations_iPhone = "UIInterfaceOrientationPortrait UIInterfaceOrientationLandscapeLeft UIInterfaceOrientationLandscapeRight";
				IPHONEOS_DEPLOYMENT_TARGET = 16.0;
				LD_RUNPATH_SEARCH_PATHS = "@executable_path/Frameworks";
				"LD_RUNPATH_SEARCH_PATHS[sdk=macosx*]" = "@executable_path/../Frameworks";
				MACOSX_DEPLOYMENT_TARGET = 12.3;
				MARKETING_VERSION = 1.0;
				PRODUCT_BUNDLE_IDENTIFIER = com.gbaranski.wheretopark;
				PRODUCT_NAME = "$(TARGET_NAME)";
				SDKROOT = auto;
				SUPPORTED_PLATFORMS = "iphoneos iphonesimulator macosx";
				SWIFT_EMIT_LOC_STRINGS = YES;
				SWIFT_VERSION = 5.0;
				TARGETED_DEVICE_FAMILY = "1,2";
			};
			name = Debug;
		};
		68239DC6290ED14300C25ED6 /* Release */ = {
			isa = XCBuildConfiguration;
			buildSettings = {
				ASSETCATALOG_COMPILER_APPICON_NAME = AppIcon;
				ASSETCATALOG_COMPILER_GLOBAL_ACCENT_COLOR_NAME = AccentColor;
				CODE_SIGN_ENTITLEMENTS = wheretopark/wheretopark.entitlements;
				CODE_SIGN_IDENTITY = "-";
				CODE_SIGN_STYLE = Automatic;
				CURRENT_PROJECT_VERSION = 1;
				DEAD_CODE_STRIPPING = YES;
				DEVELOPMENT_ASSET_PATHS = "\"wheretopark/Preview Content\"";
				DEVELOPMENT_TEAM = Y9G849JS52;
				ENABLE_HARDENED_RUNTIME = YES;
				ENABLE_PREVIEWS = YES;
				GENERATE_INFOPLIST_FILE = YES;
				INFOPLIST_FILE = wheretopark/Info.plist;
				INFOPLIST_KEY_CFBundleDisplayName = DevToPark;
				INFOPLIST_KEY_NSLocationWhenInUseUsageDescription = "Location is required to show current location on map, and sort nearby parking lots by distance.";
				"INFOPLIST_KEY_UIApplicationSceneManifest_Generation[sdk=iphoneos*]" = YES;
				"INFOPLIST_KEY_UIApplicationSceneManifest_Generation[sdk=iphonesimulator*]" = YES;
				"INFOPLIST_KEY_UIApplicationSupportsIndirectInputEvents[sdk=iphoneos*]" = YES;
				"INFOPLIST_KEY_UIApplicationSupportsIndirectInputEvents[sdk=iphonesimulator*]" = YES;
				"INFOPLIST_KEY_UILaunchScreen_Generation[sdk=iphoneos*]" = YES;
				"INFOPLIST_KEY_UILaunchScreen_Generation[sdk=iphonesimulator*]" = YES;
				"INFOPLIST_KEY_UIStatusBarStyle[sdk=iphoneos*]" = UIStatusBarStyleDefault;
				"INFOPLIST_KEY_UIStatusBarStyle[sdk=iphonesimulator*]" = UIStatusBarStyleDefault;
				INFOPLIST_KEY_UISupportedInterfaceOrientations_iPad = "UIInterfaceOrientationPortrait UIInterfaceOrientationPortraitUpsideDown UIInterfaceOrientationLandscapeLeft UIInterfaceOrientationLandscapeRight";
				INFOPLIST_KEY_UISupportedInterfaceOrientations_iPhone = "UIInterfaceOrientationPortrait UIInterfaceOrientationLandscapeLeft UIInterfaceOrientationLandscapeRight";
				IPHONEOS_DEPLOYMENT_TARGET = 16.0;
				LD_RUNPATH_SEARCH_PATHS = "@executable_path/Frameworks";
				"LD_RUNPATH_SEARCH_PATHS[sdk=macosx*]" = "@executable_path/../Frameworks";
				MACOSX_DEPLOYMENT_TARGET = 12.3;
				MARKETING_VERSION = 1.0;
				PRODUCT_BUNDLE_IDENTIFIER = com.gbaranski.wheretopark;
				PRODUCT_NAME = "$(TARGET_NAME)";
				SDKROOT = auto;
				SUPPORTED_PLATFORMS = "iphoneos iphonesimulator macosx";
				SWIFT_EMIT_LOC_STRINGS = YES;
				SWIFT_VERSION = 5.0;
				TARGETED_DEVICE_FAMILY = "1,2";
			};
			name = Release;
		};
		68239DC8290ED14300C25ED6 /* Debug */ = {
			isa = XCBuildConfiguration;
			buildSettings = {
				ALWAYS_EMBED_SWIFT_STANDARD_LIBRARIES = YES;
				BUNDLE_LOADER = "$(TEST_HOST)";
				CODE_SIGN_STYLE = Automatic;
				CURRENT_PROJECT_VERSION = 1;
				DEAD_CODE_STRIPPING = YES;
				DEVELOPMENT_TEAM = Y9G849JS52;
				GENERATE_INFOPLIST_FILE = YES;
				IPHONEOS_DEPLOYMENT_TARGET = 16.0;
				MACOSX_DEPLOYMENT_TARGET = 12.3;
				MARKETING_VERSION = 1.0;
				PRODUCT_BUNDLE_IDENTIFIER = com.gbaranski.wheretoparkTests;
				PRODUCT_NAME = "$(TARGET_NAME)";
				SDKROOT = auto;
				SUPPORTED_PLATFORMS = "iphoneos iphonesimulator macosx";
				SWIFT_EMIT_LOC_STRINGS = NO;
				SWIFT_VERSION = 5.0;
				TARGETED_DEVICE_FAMILY = "1,2";
				TEST_HOST = "$(BUILT_PRODUCTS_DIR)/wheretopark.app/$(BUNDLE_EXECUTABLE_FOLDER_PATH)/wheretopark";
			};
			name = Debug;
		};
		68239DC9290ED14300C25ED6 /* Release */ = {
			isa = XCBuildConfiguration;
			buildSettings = {
				ALWAYS_EMBED_SWIFT_STANDARD_LIBRARIES = YES;
				BUNDLE_LOADER = "$(TEST_HOST)";
				CODE_SIGN_STYLE = Automatic;
				CURRENT_PROJECT_VERSION = 1;
				DEAD_CODE_STRIPPING = YES;
				DEVELOPMENT_TEAM = Y9G849JS52;
				GENERATE_INFOPLIST_FILE = YES;
				IPHONEOS_DEPLOYMENT_TARGET = 16.0;
				MACOSX_DEPLOYMENT_TARGET = 12.3;
				MARKETING_VERSION = 1.0;
				PRODUCT_BUNDLE_IDENTIFIER = com.gbaranski.wheretoparkTests;
				PRODUCT_NAME = "$(TARGET_NAME)";
				SDKROOT = auto;
				SUPPORTED_PLATFORMS = "iphoneos iphonesimulator macosx";
				SWIFT_EMIT_LOC_STRINGS = NO;
				SWIFT_VERSION = 5.0;
				TARGETED_DEVICE_FAMILY = "1,2";
				TEST_HOST = "$(BUILT_PRODUCTS_DIR)/wheretopark.app/$(BUNDLE_EXECUTABLE_FOLDER_PATH)/wheretopark";
			};
			name = Release;
		};
		68239DCB290ED14300C25ED6 /* Debug */ = {
			isa = XCBuildConfiguration;
			buildSettings = {
				ALWAYS_EMBED_SWIFT_STANDARD_LIBRARIES = YES;
				CODE_SIGN_STYLE = Automatic;
				CURRENT_PROJECT_VERSION = 1;
				DEAD_CODE_STRIPPING = YES;
				DEVELOPMENT_TEAM = Y9G849JS52;
				GENERATE_INFOPLIST_FILE = YES;
				IPHONEOS_DEPLOYMENT_TARGET = 16.0;
				MACOSX_DEPLOYMENT_TARGET = 12.3;
				MARKETING_VERSION = 1.0;
				PRODUCT_BUNDLE_IDENTIFIER = com.gbaranski.wheretoparkUITests;
				PRODUCT_NAME = "$(TARGET_NAME)";
				SDKROOT = auto;
				SUPPORTED_PLATFORMS = "iphoneos iphonesimulator macosx";
				SWIFT_EMIT_LOC_STRINGS = NO;
				SWIFT_VERSION = 5.0;
				TARGETED_DEVICE_FAMILY = "1,2";
				TEST_TARGET_NAME = wheretopark;
			};
			name = Debug;
		};
		68239DCC290ED14300C25ED6 /* Release */ = {
			isa = XCBuildConfiguration;
			buildSettings = {
				ALWAYS_EMBED_SWIFT_STANDARD_LIBRARIES = YES;
				CODE_SIGN_STYLE = Automatic;
				CURRENT_PROJECT_VERSION = 1;
				DEAD_CODE_STRIPPING = YES;
				DEVELOPMENT_TEAM = Y9G849JS52;
				GENERATE_INFOPLIST_FILE = YES;
				IPHONEOS_DEPLOYMENT_TARGET = 16.0;
				MACOSX_DEPLOYMENT_TARGET = 12.3;
				MARKETING_VERSION = 1.0;
				PRODUCT_BUNDLE_IDENTIFIER = com.gbaranski.wheretoparkUITests;
				PRODUCT_NAME = "$(TARGET_NAME)";
				SDKROOT = auto;
				SUPPORTED_PLATFORMS = "iphoneos iphonesimulator macosx";
				SWIFT_EMIT_LOC_STRINGS = NO;
				SWIFT_VERSION = 5.0;
				TARGETED_DEVICE_FAMILY = "1,2";
				TEST_TARGET_NAME = wheretopark;
			};
			name = Release;
		};
/* End XCBuildConfiguration section */

/* Begin XCConfigurationList section */
		68239D9A290ED14100C25ED6 /* Build configuration list for PBXProject "wheretopark" */ = {
			isa = XCConfigurationList;
			buildConfigurations = (
				68239DC2290ED14300C25ED6 /* Debug */,
				68239DC3290ED14300C25ED6 /* Release */,
			);
			defaultConfigurationIsVisible = 0;
			defaultConfigurationName = Release;
		};
		68239DC4290ED14300C25ED6 /* Build configuration list for PBXNativeTarget "wheretopark" */ = {
			isa = XCConfigurationList;
			buildConfigurations = (
				68239DC5290ED14300C25ED6 /* Debug */,
				68239DC6290ED14300C25ED6 /* Release */,
			);
			defaultConfigurationIsVisible = 0;
			defaultConfigurationName = Release;
		};
		68239DC7290ED14300C25ED6 /* Build configuration list for PBXNativeTarget "wheretoparkTests" */ = {
			isa = XCConfigurationList;
			buildConfigurations = (
				68239DC8290ED14300C25ED6 /* Debug */,
				68239DC9290ED14300C25ED6 /* Release */,
			);
			defaultConfigurationIsVisible = 0;
			defaultConfigurationName = Release;
		};
		68239DCA290ED14300C25ED6 /* Build configuration list for PBXNativeTarget "wheretoparkUITests" */ = {
			isa = XCConfigurationList;
			buildConfigurations = (
				68239DCB290ED14300C25ED6 /* Debug */,
				68239DCC290ED14300C25ED6 /* Release */,
			);
			defaultConfigurationIsVisible = 0;
			defaultConfigurationName = Release;
		};
/* End XCConfigurationList section */

/* Begin XCRemoteSwiftPackageReference section */
		68BBFAA5290ED8E40012512D /* XCRemoteSwiftPackageReference "PhoneNumberKit" */ = {
			isa = XCRemoteSwiftPackageReference;
			repositoryURL = "https://github.com/marmelroy/PhoneNumberKit";
			requirement = {
				kind = upToNextMajorVersion;
				minimumVersion = 3.0.0;
			};
		};
		68BBFAAC290EED880012512D /* XCRemoteSwiftPackageReference "CodableGeoJSON" */ = {
			isa = XCRemoteSwiftPackageReference;
			repositoryURL = "https://github.com/guykogus/CodableGeoJSON.git";
			requirement = {
				kind = upToNextMajorVersion;
				minimumVersion = 2.0.0;
			};
		};
		68BBFAB2290EFC750012512D /* XCRemoteSwiftPackageReference "Swift-ISO8601-DurationParser" */ = {
			isa = XCRemoteSwiftPackageReference;
			repositoryURL = "https://github.com/leonx98/Swift-ISO8601-DurationParser.git";
			requirement = {
				kind = upToNextMajorVersion;
				minimumVersion = 0.9.0;
			};
		};
		68BBFAB5290EFD600012512D /* XCRemoteSwiftPackageReference "DefaultCodable" */ = {
			isa = XCRemoteSwiftPackageReference;
			repositoryURL = "https://github.com/gonzalezreal/DefaultCodable";
			requirement = {
				kind = upToNextMajorVersion;
				minimumVersion = 1.0.0;
			};
		};
/* End XCRemoteSwiftPackageReference section */

/* Begin XCSwiftPackageProductDependency section */
		68BBFAA6290ED8E40012512D /* PhoneNumberKit */ = {
			isa = XCSwiftPackageProductDependency;
			package = 68BBFAA5290ED8E40012512D /* XCRemoteSwiftPackageReference "PhoneNumberKit" */;
			productName = PhoneNumberKit;
		};
		68BBFAAD290EED880012512D /* CodableGeoJSON */ = {
			isa = XCSwiftPackageProductDependency;
			package = 68BBFAAC290EED880012512D /* XCRemoteSwiftPackageReference "CodableGeoJSON" */;
			productName = CodableGeoJSON;
		};
		68BBFAB3290EFC750012512D /* Swift-ISO8601-DurationParser */ = {
			isa = XCSwiftPackageProductDependency;
			package = 68BBFAB2290EFC750012512D /* XCRemoteSwiftPackageReference "Swift-ISO8601-DurationParser" */;
			productName = "Swift-ISO8601-DurationParser";
		};
		68BBFAB6290EFD600012512D /* DefaultCodable */ = {
			isa = XCSwiftPackageProductDependency;
			package = 68BBFAB5290EFD600012512D /* XCRemoteSwiftPackageReference "DefaultCodable" */;
			productName = DefaultCodable;
		};
/* End XCSwiftPackageProductDependency section */
	};
	rootObject = 68239D97290ED14100C25ED6 /* Project object */;
}
