// !$*UTF8*$!
{
	archiveVersion = 1;
	classes = {
	};
	objectVersion = 55;
	objects = {

/* Begin PBXBuildFile section */
		68119F4F28E358A500E5B5C3 /* LoadingView.swift in Sources */ = {isa = PBXBuildFile; fileRef = 68119F4E28E358A500E5B5C3 /* LoadingView.swift */; };
		681513DB28B6D20A00172310 /* AppState.swift in Sources */ = {isa = PBXBuildFile; fileRef = 681513CE28B6D20900172310 /* AppState.swift */; };
		681513DD28B6D20A00172310 /* DetailsView.swift in Sources */ = {isa = PBXBuildFile; fileRef = 681513D028B6D20900172310 /* DetailsView.swift */; };
		681513DE28B6D20A00172310 /* Utilities.swift in Sources */ = {isa = PBXBuildFile; fileRef = 681513D228B6D20900172310 /* Utilities.swift */; };
		681513DF28B6D20A00172310 /* ParkingLot.swift in Sources */ = {isa = PBXBuildFile; fileRef = 681513D328B6D20900172310 /* ParkingLot.swift */; };
		681513E028B6D20A00172310 /* wheretoparkApp.swift in Sources */ = {isa = PBXBuildFile; fileRef = 681513D428B6D20A00172310 /* wheretoparkApp.swift */; };
		681513E128B6D20A00172310 /* ListView.swift in Sources */ = {isa = PBXBuildFile; fileRef = 681513D528B6D20A00172310 /* ListView.swift */; };
		681513E228B6D20A00172310 /* LocationManager.swift in Sources */ = {isa = PBXBuildFile; fileRef = 681513D628B6D20A00172310 /* LocationManager.swift */; };
		681513E428B6D20A00172310 /* MapView.swift in Sources */ = {isa = PBXBuildFile; fileRef = 681513D928B6D20A00172310 /* MapView.swift */; };
		6885B39428B6D0A300860E55 /* ContentView.swift in Sources */ = {isa = PBXBuildFile; fileRef = 6885B39328B6D0A300860E55 /* ContentView.swift */; };
		6885B3A328B6D0A400860E55 /* iosTests.swift in Sources */ = {isa = PBXBuildFile; fileRef = 6885B3A228B6D0A400860E55 /* iosTests.swift */; };
		6885B3AD28B6D0A400860E55 /* iosUITests.swift in Sources */ = {isa = PBXBuildFile; fileRef = 6885B3AC28B6D0A400860E55 /* iosUITests.swift */; };
		6885B3AF28B6D0A400860E55 /* iosUITestsLaunchTests.swift in Sources */ = {isa = PBXBuildFile; fileRef = 6885B3AE28B6D0A400860E55 /* iosUITestsLaunchTests.swift */; };
		689874AF28B6DC0000BFA839 /* PhoneNumberKit in Frameworks */ = {isa = PBXBuildFile; productRef = 689874AE28B6DC0000BFA839 /* PhoneNumberKit */; };
		689C7D0528CBD190002EE10C /* AppEnvironment.swift in Sources */ = {isa = PBXBuildFile; fileRef = 689C7D0428CBD190002EE10C /* AppEnvironment.swift */; };
		68A5B4F728D16117000343D8 /* Assets.xcassets in Resources */ = {isa = PBXBuildFile; fileRef = 68A5B4F628D16117000343D8 /* Assets.xcassets */; };
		68A5B4FC28D16B32000343D8 /* FavouritesStore.swift in Sources */ = {isa = PBXBuildFile; fileRef = 68A5B4FB28D16B32000343D8 /* FavouritesStore.swift */; };
		68C45B2628D31DE900469180 /* BottomSheet.swift in Sources */ = {isa = PBXBuildFile; fileRef = 68C45B2528D31DE900469180 /* BottomSheet.swift */; };
		68E00A3B28DD1F980091A864 /* LaunchScreen.storyboard in Resources */ = {isa = PBXBuildFile; fileRef = 68E00A3A28DD1F980091A864 /* LaunchScreen.storyboard */; };
		68E03A8B28CFFE0B00D70F29 /* MailView.swift in Sources */ = {isa = PBXBuildFile; fileRef = 68E03A8A28CFFE0B00D70F29 /* MailView.swift */; };
/* End PBXBuildFile section */

/* Begin PBXContainerItemProxy section */
		6885B39F28B6D0A400860E55 /* PBXContainerItemProxy */ = {
			isa = PBXContainerItemProxy;
			containerPortal = 6885B38628B6D0A300860E55 /* Project object */;
			proxyType = 1;
			remoteGlobalIDString = 6885B38D28B6D0A300860E55;
			remoteInfo = ios;
		};
		6885B3A928B6D0A400860E55 /* PBXContainerItemProxy */ = {
			isa = PBXContainerItemProxy;
			containerPortal = 6885B38628B6D0A300860E55 /* Project object */;
			proxyType = 1;
			remoteGlobalIDString = 6885B38D28B6D0A300860E55;
			remoteInfo = ios;
		};
/* End PBXContainerItemProxy section */

/* Begin PBXFileReference section */
		68119F4E28E358A500E5B5C3 /* LoadingView.swift */ = {isa = PBXFileReference; lastKnownFileType = sourcecode.swift; path = LoadingView.swift; sourceTree = "<group>"; };
		681513CE28B6D20900172310 /* AppState.swift */ = {isa = PBXFileReference; fileEncoding = 4; lastKnownFileType = sourcecode.swift; path = AppState.swift; sourceTree = "<group>"; };
		681513D028B6D20900172310 /* DetailsView.swift */ = {isa = PBXFileReference; fileEncoding = 4; lastKnownFileType = sourcecode.swift; path = DetailsView.swift; sourceTree = "<group>"; };
		681513D128B6D20900172310 /* UISheetPresentationControllerDetent+Private.h */ = {isa = PBXFileReference; fileEncoding = 4; lastKnownFileType = sourcecode.c.h; path = "UISheetPresentationControllerDetent+Private.h"; sourceTree = "<group>"; };
		681513D228B6D20900172310 /* Utilities.swift */ = {isa = PBXFileReference; fileEncoding = 4; lastKnownFileType = sourcecode.swift; path = Utilities.swift; sourceTree = "<group>"; };
		681513D328B6D20900172310 /* ParkingLot.swift */ = {isa = PBXFileReference; fileEncoding = 4; lastKnownFileType = sourcecode.swift; path = ParkingLot.swift; sourceTree = "<group>"; };
		681513D428B6D20A00172310 /* wheretoparkApp.swift */ = {isa = PBXFileReference; fileEncoding = 4; lastKnownFileType = sourcecode.swift; path = wheretoparkApp.swift; sourceTree = "<group>"; };
		681513D528B6D20A00172310 /* ListView.swift */ = {isa = PBXFileReference; fileEncoding = 4; lastKnownFileType = sourcecode.swift; path = ListView.swift; sourceTree = "<group>"; };
		681513D628B6D20A00172310 /* LocationManager.swift */ = {isa = PBXFileReference; fileEncoding = 4; lastKnownFileType = sourcecode.swift; path = LocationManager.swift; sourceTree = "<group>"; };
		681513D828B6D20A00172310 /* Bridging-Header.h */ = {isa = PBXFileReference; fileEncoding = 4; lastKnownFileType = sourcecode.c.h; path = "Bridging-Header.h"; sourceTree = "<group>"; };
		681513D928B6D20A00172310 /* MapView.swift */ = {isa = PBXFileReference; fileEncoding = 4; lastKnownFileType = sourcecode.swift; path = MapView.swift; sourceTree = "<group>"; };
		6885B38E28B6D0A300860E55 /* wheretopark.app */ = {isa = PBXFileReference; explicitFileType = wrapper.application; includeInIndex = 0; path = wheretopark.app; sourceTree = BUILT_PRODUCTS_DIR; };
		6885B39328B6D0A300860E55 /* ContentView.swift */ = {isa = PBXFileReference; lastKnownFileType = sourcecode.swift; path = ContentView.swift; sourceTree = "<group>"; };
		6885B39E28B6D0A400860E55 /* wheretoparkTests.xctest */ = {isa = PBXFileReference; explicitFileType = wrapper.cfbundle; includeInIndex = 0; path = wheretoparkTests.xctest; sourceTree = BUILT_PRODUCTS_DIR; };
		6885B3A228B6D0A400860E55 /* iosTests.swift */ = {isa = PBXFileReference; lastKnownFileType = sourcecode.swift; path = iosTests.swift; sourceTree = "<group>"; };
		6885B3A828B6D0A400860E55 /* wheretoparkUITests.xctest */ = {isa = PBXFileReference; explicitFileType = wrapper.cfbundle; includeInIndex = 0; path = wheretoparkUITests.xctest; sourceTree = BUILT_PRODUCTS_DIR; };
		6885B3AC28B6D0A400860E55 /* iosUITests.swift */ = {isa = PBXFileReference; lastKnownFileType = sourcecode.swift; path = iosUITests.swift; sourceTree = "<group>"; };
		6885B3AE28B6D0A400860E55 /* iosUITestsLaunchTests.swift */ = {isa = PBXFileReference; lastKnownFileType = sourcecode.swift; path = iosUITestsLaunchTests.swift; sourceTree = "<group>"; };
		689C7D0428CBD190002EE10C /* AppEnvironment.swift */ = {isa = PBXFileReference; lastKnownFileType = sourcecode.swift; path = AppEnvironment.swift; sourceTree = "<group>"; };
		68A5B4F628D16117000343D8 /* Assets.xcassets */ = {isa = PBXFileReference; lastKnownFileType = folder.assetcatalog; path = Assets.xcassets; sourceTree = "<group>"; };
		68A5B4FB28D16B32000343D8 /* FavouritesStore.swift */ = {isa = PBXFileReference; fileEncoding = 4; lastKnownFileType = sourcecode.swift; path = FavouritesStore.swift; sourceTree = "<group>"; };
		68C45B2528D31DE900469180 /* BottomSheet.swift */ = {isa = PBXFileReference; lastKnownFileType = sourcecode.swift; path = BottomSheet.swift; sourceTree = "<group>"; };
		68D6199028D8ACFD001962C0 /* wheretopark.entitlements */ = {isa = PBXFileReference; lastKnownFileType = text.plist.entitlements; path = wheretopark.entitlements; sourceTree = "<group>"; };
		68E00A3A28DD1F980091A864 /* LaunchScreen.storyboard */ = {isa = PBXFileReference; lastKnownFileType = file.storyboard; path = LaunchScreen.storyboard; sourceTree = "<group>"; };
		68E00A3C28DD29B60091A864 /* Development.xcconfig */ = {isa = PBXFileReference; lastKnownFileType = text.xcconfig; path = Development.xcconfig; sourceTree = "<group>"; };
		68E00A3D28DD2AE50091A864 /* Production.xcconfig */ = {isa = PBXFileReference; lastKnownFileType = text.xcconfig; path = Production.xcconfig; sourceTree = "<group>"; };
		68E00A3E28DD31E50091A864 /* Info.plist */ = {isa = PBXFileReference; lastKnownFileType = text.plist; path = Info.plist; sourceTree = "<group>"; };
		68E03A8A28CFFE0B00D70F29 /* MailView.swift */ = {isa = PBXFileReference; lastKnownFileType = sourcecode.swift; path = MailView.swift; sourceTree = "<group>"; };
/* End PBXFileReference section */

/* Begin PBXFrameworksBuildPhase section */
		6885B38B28B6D0A300860E55 /* Frameworks */ = {
			isa = PBXFrameworksBuildPhase;
			buildActionMask = 2147483647;
			files = (
				689874AF28B6DC0000BFA839 /* PhoneNumberKit in Frameworks */,
			);
			runOnlyForDeploymentPostprocessing = 0;
		};
		6885B39B28B6D0A400860E55 /* Frameworks */ = {
			isa = PBXFrameworksBuildPhase;
			buildActionMask = 2147483647;
			files = (
			);
			runOnlyForDeploymentPostprocessing = 0;
		};
		6885B3A528B6D0A400860E55 /* Frameworks */ = {
			isa = PBXFrameworksBuildPhase;
			buildActionMask = 2147483647;
			files = (
			);
			runOnlyForDeploymentPostprocessing = 0;
		};
/* End PBXFrameworksBuildPhase section */

/* Begin PBXGroup section */
		6885B38528B6D0A300860E55 = {
			isa = PBXGroup;
			children = (
				6885B39028B6D0A300860E55 /* wheretopark */,
				6885B3A128B6D0A400860E55 /* wheretoparkTests */,
				6885B3AB28B6D0A400860E55 /* wheretoparkUITests */,
				6885B38F28B6D0A300860E55 /* Products */,
				689874B128B6DD0F00BFA839 /* Frameworks */,
			);
			sourceTree = "<group>";
		};
		6885B38F28B6D0A300860E55 /* Products */ = {
			isa = PBXGroup;
			children = (
				6885B38E28B6D0A300860E55 /* wheretopark.app */,
				6885B39E28B6D0A400860E55 /* wheretoparkTests.xctest */,
				6885B3A828B6D0A400860E55 /* wheretoparkUITests.xctest */,
			);
			name = Products;
			sourceTree = "<group>";
		};
		6885B39028B6D0A300860E55 /* wheretopark */ = {
			isa = PBXGroup;
			children = (
				68E00A3E28DD31E50091A864 /* Info.plist */,
				68D6199028D8ACFD001962C0 /* wheretopark.entitlements */,
				68A5B4F628D16117000343D8 /* Assets.xcassets */,
				68A5B4FB28D16B32000343D8 /* FavouritesStore.swift */,
				681513CE28B6D20900172310 /* AppState.swift */,
				681513D828B6D20A00172310 /* Bridging-Header.h */,
				689C7D0428CBD190002EE10C /* AppEnvironment.swift */,
				681513D528B6D20A00172310 /* ListView.swift */,
				681513D628B6D20A00172310 /* LocationManager.swift */,
				681513D928B6D20A00172310 /* MapView.swift */,
				681513D328B6D20900172310 /* ParkingLot.swift */,
				681513D028B6D20900172310 /* DetailsView.swift */,
				681513D128B6D20900172310 /* UISheetPresentationControllerDetent+Private.h */,
				681513D228B6D20900172310 /* Utilities.swift */,
				681513D428B6D20A00172310 /* wheretoparkApp.swift */,
				6885B39328B6D0A300860E55 /* ContentView.swift */,
				68E03A8A28CFFE0B00D70F29 /* MailView.swift */,
				68C45B2528D31DE900469180 /* BottomSheet.swift */,
				68E00A3A28DD1F980091A864 /* LaunchScreen.storyboard */,
				68E00A3C28DD29B60091A864 /* Development.xcconfig */,
				68E00A3D28DD2AE50091A864 /* Production.xcconfig */,
				68119F4E28E358A500E5B5C3 /* LoadingView.swift */,
			);
			path = wheretopark;
			sourceTree = "<group>";
		};
		6885B3A128B6D0A400860E55 /* wheretoparkTests */ = {
			isa = PBXGroup;
			children = (
				6885B3A228B6D0A400860E55 /* iosTests.swift */,
			);
			path = wheretoparkTests;
			sourceTree = "<group>";
		};
		6885B3AB28B6D0A400860E55 /* wheretoparkUITests */ = {
			isa = PBXGroup;
			children = (
				6885B3AC28B6D0A400860E55 /* iosUITests.swift */,
				6885B3AE28B6D0A400860E55 /* iosUITestsLaunchTests.swift */,
			);
			path = wheretoparkUITests;
			sourceTree = "<group>";
		};
		689874B128B6DD0F00BFA839 /* Frameworks */ = {
			isa = PBXGroup;
			children = (
			);
			name = Frameworks;
			sourceTree = "<group>";
		};
/* End PBXGroup section */

/* Begin PBXNativeTarget section */
		6885B38D28B6D0A300860E55 /* wheretopark */ = {
			isa = PBXNativeTarget;
			buildConfigurationList = 6885B3B228B6D0A400860E55 /* Build configuration list for PBXNativeTarget "wheretopark" */;
			buildPhases = (
				689874AC28B6DB7E00BFA839 /* Run Script */,
				6885B38A28B6D0A300860E55 /* Sources */,
				6885B38B28B6D0A300860E55 /* Frameworks */,
				6885B38C28B6D0A300860E55 /* Resources */,
			);
			buildRules = (
			);
			dependencies = (
			);
			name = wheretopark;
			packageProductDependencies = (
				689874AE28B6DC0000BFA839 /* PhoneNumberKit */,
			);
			productName = ios;
			productReference = 6885B38E28B6D0A300860E55 /* wheretopark.app */;
			productType = "com.apple.product-type.application";
		};
		6885B39D28B6D0A400860E55 /* wheretoparkTests */ = {
			isa = PBXNativeTarget;
			buildConfigurationList = 6885B3B528B6D0A400860E55 /* Build configuration list for PBXNativeTarget "wheretoparkTests" */;
			buildPhases = (
				6885B39A28B6D0A400860E55 /* Sources */,
				6885B39B28B6D0A400860E55 /* Frameworks */,
				6885B39C28B6D0A400860E55 /* Resources */,
			);
			buildRules = (
			);
			dependencies = (
				6885B3A028B6D0A400860E55 /* PBXTargetDependency */,
			);
			name = wheretoparkTests;
			productName = iosTests;
			productReference = 6885B39E28B6D0A400860E55 /* wheretoparkTests.xctest */;
			productType = "com.apple.product-type.bundle.unit-test";
		};
		6885B3A728B6D0A400860E55 /* wheretoparkUITests */ = {
			isa = PBXNativeTarget;
			buildConfigurationList = 6885B3B828B6D0A400860E55 /* Build configuration list for PBXNativeTarget "wheretoparkUITests" */;
			buildPhases = (
				6885B3A428B6D0A400860E55 /* Sources */,
				6885B3A528B6D0A400860E55 /* Frameworks */,
				6885B3A628B6D0A400860E55 /* Resources */,
			);
			buildRules = (
			);
			dependencies = (
				6885B3AA28B6D0A400860E55 /* PBXTargetDependency */,
			);
			name = wheretoparkUITests;
			productName = iosUITests;
			productReference = 6885B3A828B6D0A400860E55 /* wheretoparkUITests.xctest */;
			productType = "com.apple.product-type.bundle.ui-testing";
		};
/* End PBXNativeTarget section */

/* Begin PBXProject section */
		6885B38628B6D0A300860E55 /* Project object */ = {
			isa = PBXProject;
			attributes = {
				BuildIndependentTargetsInParallel = 1;
				LastSwiftUpdateCheck = 1340;
				LastUpgradeCheck = 1340;
				TargetAttributes = {
					6885B38D28B6D0A300860E55 = {
						CreatedOnToolsVersion = 13.4.1;
					};
					6885B39D28B6D0A400860E55 = {
						CreatedOnToolsVersion = 13.4.1;
						TestTargetID = 6885B38D28B6D0A300860E55;
					};
					6885B3A728B6D0A400860E55 = {
						CreatedOnToolsVersion = 13.4.1;
						TestTargetID = 6885B38D28B6D0A300860E55;
					};
				};
			};
			buildConfigurationList = 6885B38928B6D0A300860E55 /* Build configuration list for PBXProject "wheretopark" */;
			compatibilityVersion = "Xcode 13.0";
			developmentRegion = en;
			hasScannedForEncodings = 0;
			knownRegions = (
				en,
				Base,
			);
			mainGroup = 6885B38528B6D0A300860E55;
			packageReferences = (
				689874AD28B6DC0000BFA839 /* XCRemoteSwiftPackageReference "PhoneNumberKit" */,
			);
			productRefGroup = 6885B38F28B6D0A300860E55 /* Products */;
			projectDirPath = "";
			projectRoot = "";
			targets = (
				6885B38D28B6D0A300860E55 /* wheretopark */,
				6885B39D28B6D0A400860E55 /* wheretoparkTests */,
				6885B3A728B6D0A400860E55 /* wheretoparkUITests */,
			);
		};
/* End PBXProject section */

/* Begin PBXResourcesBuildPhase section */
		6885B38C28B6D0A300860E55 /* Resources */ = {
			isa = PBXResourcesBuildPhase;
			buildActionMask = 2147483647;
			files = (
				68A5B4F728D16117000343D8 /* Assets.xcassets in Resources */,
				68E00A3B28DD1F980091A864 /* LaunchScreen.storyboard in Resources */,
			);
			runOnlyForDeploymentPostprocessing = 0;
		};
		6885B39C28B6D0A400860E55 /* Resources */ = {
			isa = PBXResourcesBuildPhase;
			buildActionMask = 2147483647;
			files = (
			);
			runOnlyForDeploymentPostprocessing = 0;
		};
		6885B3A628B6D0A400860E55 /* Resources */ = {
			isa = PBXResourcesBuildPhase;
			buildActionMask = 2147483647;
			files = (
			);
			runOnlyForDeploymentPostprocessing = 0;
		};
/* End PBXResourcesBuildPhase section */

/* Begin PBXShellScriptBuildPhase section */
		689874AC28B6DB7E00BFA839 /* Run Script */ = {
			isa = PBXShellScriptBuildPhase;
			buildActionMask = 2147483647;
			files = (
			);
			inputFileListPaths = (
			);
			inputPaths = (
			);
			name = "Run Script";
			outputFileListPaths = (
			);
			outputPaths = (
			);
			runOnlyForDeploymentPostprocessing = 0;
			shellPath = /bin/sh;
			shellScript = "cd \"$SRCROOT/..\"\n./gradlew :shared:embedAndSignAppleFrameworkForXcode\n";
		};
/* End PBXShellScriptBuildPhase section */

/* Begin PBXSourcesBuildPhase section */
		6885B38A28B6D0A300860E55 /* Sources */ = {
			isa = PBXSourcesBuildPhase;
			buildActionMask = 2147483647;
			files = (
				681513E128B6D20A00172310 /* ListView.swift in Sources */,
				681513DF28B6D20A00172310 /* ParkingLot.swift in Sources */,
				681513DB28B6D20A00172310 /* AppState.swift in Sources */,
				681513DD28B6D20A00172310 /* DetailsView.swift in Sources */,
				68E03A8B28CFFE0B00D70F29 /* MailView.swift in Sources */,
				68119F4F28E358A500E5B5C3 /* LoadingView.swift in Sources */,
				68A5B4FC28D16B32000343D8 /* FavouritesStore.swift in Sources */,
				6885B39428B6D0A300860E55 /* ContentView.swift in Sources */,
				681513DE28B6D20A00172310 /* Utilities.swift in Sources */,
				681513E028B6D20A00172310 /* wheretoparkApp.swift in Sources */,
				681513E428B6D20A00172310 /* MapView.swift in Sources */,
				681513E228B6D20A00172310 /* LocationManager.swift in Sources */,
				68C45B2628D31DE900469180 /* BottomSheet.swift in Sources */,
				689C7D0528CBD190002EE10C /* AppEnvironment.swift in Sources */,
			);
			runOnlyForDeploymentPostprocessing = 0;
		};
		6885B39A28B6D0A400860E55 /* Sources */ = {
			isa = PBXSourcesBuildPhase;
			buildActionMask = 2147483647;
			files = (
				6885B3A328B6D0A400860E55 /* iosTests.swift in Sources */,
			);
			runOnlyForDeploymentPostprocessing = 0;
		};
		6885B3A428B6D0A400860E55 /* Sources */ = {
			isa = PBXSourcesBuildPhase;
			buildActionMask = 2147483647;
			files = (
				6885B3AF28B6D0A400860E55 /* iosUITestsLaunchTests.swift in Sources */,
				6885B3AD28B6D0A400860E55 /* iosUITests.swift in Sources */,
			);
			runOnlyForDeploymentPostprocessing = 0;
		};
/* End PBXSourcesBuildPhase section */

/* Begin PBXTargetDependency section */
		6885B3A028B6D0A400860E55 /* PBXTargetDependency */ = {
			isa = PBXTargetDependency;
			target = 6885B38D28B6D0A300860E55 /* wheretopark */;
			targetProxy = 6885B39F28B6D0A400860E55 /* PBXContainerItemProxy */;
		};
		6885B3AA28B6D0A400860E55 /* PBXTargetDependency */ = {
			isa = PBXTargetDependency;
			target = 6885B38D28B6D0A300860E55 /* wheretopark */;
			targetProxy = 6885B3A928B6D0A400860E55 /* PBXContainerItemProxy */;
		};
/* End PBXTargetDependency section */

/* Begin XCBuildConfiguration section */
		6885B3B028B6D0A400860E55 /* Debug */ = {
			isa = XCBuildConfiguration;
			baseConfigurationReference = 68E00A3C28DD29B60091A864 /* Development.xcconfig */;
			buildSettings = {
				ALWAYS_SEARCH_USER_PATHS = NO;
				CLANG_ANALYZER_NONNULL = YES;
				CLANG_ANALYZER_NUMBER_OBJECT_CONVERSION = YES_AGGRESSIVE;
				CLANG_CXX_LANGUAGE_STANDARD = "gnu++17";
				CLANG_ENABLE_MODULES = YES;
				CLANG_ENABLE_OBJC_ARC = YES;
				CLANG_ENABLE_OBJC_WEAK = YES;
				CLANG_WARN_BLOCK_CAPTURE_AUTORELEASING = YES;
				CLANG_WARN_BOOL_CONVERSION = YES;
				CLANG_WARN_COMMA = YES;
				CLANG_WARN_CONSTANT_CONVERSION = YES;
				CLANG_WARN_DEPRECATED_OBJC_IMPLEMENTATIONS = YES;
				CLANG_WARN_DIRECT_OBJC_ISA_USAGE = YES_ERROR;
				CLANG_WARN_DOCUMENTATION_COMMENTS = YES;
				CLANG_WARN_EMPTY_BODY = YES;
				CLANG_WARN_ENUM_CONVERSION = YES;
				CLANG_WARN_INFINITE_RECURSION = YES;
				CLANG_WARN_INT_CONVERSION = YES;
				CLANG_WARN_NON_LITERAL_NULL_CONVERSION = YES;
				CLANG_WARN_OBJC_IMPLICIT_RETAIN_SELF = YES;
				CLANG_WARN_OBJC_LITERAL_CONVERSION = YES;
				CLANG_WARN_OBJC_ROOT_CLASS = YES_ERROR;
				CLANG_WARN_QUOTED_INCLUDE_IN_FRAMEWORK_HEADER = YES;
				CLANG_WARN_RANGE_LOOP_ANALYSIS = YES;
				CLANG_WARN_STRICT_PROTOTYPES = YES;
				CLANG_WARN_SUSPICIOUS_MOVE = YES;
				CLANG_WARN_UNGUARDED_AVAILABILITY = YES_AGGRESSIVE;
				CLANG_WARN_UNREACHABLE_CODE = YES;
				CLANG_WARN__DUPLICATE_METHOD_MATCH = YES;
				COPY_PHASE_STRIP = NO;
				DEBUG_INFORMATION_FORMAT = dwarf;
				ENABLE_STRICT_OBJC_MSGSEND = YES;
				ENABLE_TESTABILITY = YES;
				GCC_C_LANGUAGE_STANDARD = gnu11;
				GCC_DYNAMIC_NO_PIC = NO;
				GCC_NO_COMMON_BLOCKS = YES;
				GCC_OPTIMIZATION_LEVEL = 0;
				GCC_PREPROCESSOR_DEFINITIONS = (
					"DEBUG=1",
					"$(inherited)",
				);
				GCC_WARN_64_TO_32_BIT_CONVERSION = YES;
				GCC_WARN_ABOUT_RETURN_TYPE = YES_ERROR;
				GCC_WARN_UNDECLARED_SELECTOR = YES;
				GCC_WARN_UNINITIALIZED_AUTOS = YES_AGGRESSIVE;
				GCC_WARN_UNUSED_FUNCTION = YES;
				GCC_WARN_UNUSED_VARIABLE = YES;
				IPHONEOS_DEPLOYMENT_TARGET = 15.5;
				MTL_ENABLE_DEBUG_INFO = INCLUDE_SOURCE;
				MTL_FAST_MATH = YES;
				ONLY_ACTIVE_ARCH = YES;
				SDKROOT = iphoneos;
				SWIFT_ACTIVE_COMPILATION_CONDITIONS = DEBUG;
				SWIFT_OPTIMIZATION_LEVEL = "-Onone";
			};
			name = Debug;
		};
		6885B3B128B6D0A400860E55 /* Release */ = {
			isa = XCBuildConfiguration;
			baseConfigurationReference = 68E00A3D28DD2AE50091A864 /* Production.xcconfig */;
			buildSettings = {
				ALWAYS_SEARCH_USER_PATHS = NO;
				CLANG_ANALYZER_NONNULL = YES;
				CLANG_ANALYZER_NUMBER_OBJECT_CONVERSION = YES_AGGRESSIVE;
				CLANG_CXX_LANGUAGE_STANDARD = "gnu++17";
				CLANG_ENABLE_MODULES = YES;
				CLANG_ENABLE_OBJC_ARC = YES;
				CLANG_ENABLE_OBJC_WEAK = YES;
				CLANG_WARN_BLOCK_CAPTURE_AUTORELEASING = YES;
				CLANG_WARN_BOOL_CONVERSION = YES;
				CLANG_WARN_COMMA = YES;
				CLANG_WARN_CONSTANT_CONVERSION = YES;
				CLANG_WARN_DEPRECATED_OBJC_IMPLEMENTATIONS = YES;
				CLANG_WARN_DIRECT_OBJC_ISA_USAGE = YES_ERROR;
				CLANG_WARN_DOCUMENTATION_COMMENTS = YES;
				CLANG_WARN_EMPTY_BODY = YES;
				CLANG_WARN_ENUM_CONVERSION = YES;
				CLANG_WARN_INFINITE_RECURSION = YES;
				CLANG_WARN_INT_CONVERSION = YES;
				CLANG_WARN_NON_LITERAL_NULL_CONVERSION = YES;
				CLANG_WARN_OBJC_IMPLICIT_RETAIN_SELF = YES;
				CLANG_WARN_OBJC_LITERAL_CONVERSION = YES;
				CLANG_WARN_OBJC_ROOT_CLASS = YES_ERROR;
				CLANG_WARN_QUOTED_INCLUDE_IN_FRAMEWORK_HEADER = YES;
				CLANG_WARN_RANGE_LOOP_ANALYSIS = YES;
				CLANG_WARN_STRICT_PROTOTYPES = YES;
				CLANG_WARN_SUSPICIOUS_MOVE = YES;
				CLANG_WARN_UNGUARDED_AVAILABILITY = YES_AGGRESSIVE;
				CLANG_WARN_UNREACHABLE_CODE = YES;
				CLANG_WARN__DUPLICATE_METHOD_MATCH = YES;
				COPY_PHASE_STRIP = NO;
				DEBUG_INFORMATION_FORMAT = "dwarf-with-dsym";
				ENABLE_NS_ASSERTIONS = NO;
				ENABLE_STRICT_OBJC_MSGSEND = YES;
				GCC_C_LANGUAGE_STANDARD = gnu11;
				GCC_NO_COMMON_BLOCKS = YES;
				GCC_WARN_64_TO_32_BIT_CONVERSION = YES;
				GCC_WARN_ABOUT_RETURN_TYPE = YES_ERROR;
				GCC_WARN_UNDECLARED_SELECTOR = YES;
				GCC_WARN_UNINITIALIZED_AUTOS = YES_AGGRESSIVE;
				GCC_WARN_UNUSED_FUNCTION = YES;
				GCC_WARN_UNUSED_VARIABLE = YES;
				IPHONEOS_DEPLOYMENT_TARGET = 15.5;
				MTL_ENABLE_DEBUG_INFO = NO;
				MTL_FAST_MATH = YES;
				SDKROOT = iphoneos;
				SWIFT_COMPILATION_MODE = wholemodule;
				SWIFT_OPTIMIZATION_LEVEL = "-O";
				VALIDATE_PRODUCT = YES;
			};
			name = Release;
		};
		6885B3B328B6D0A400860E55 /* Debug */ = {
			isa = XCBuildConfiguration;
			buildSettings = {
				ASSETCATALOG_COMPILER_APPICON_NAME = AppIcon;
				ASSETCATALOG_COMPILER_GLOBAL_ACCENT_COLOR_NAME = AccentColor;
				ASSETCATALOG_COMPILER_INCLUDE_ALL_APPICON_ASSETS = YES;
				CODE_SIGN_ENTITLEMENTS = wheretopark/wheretopark.entitlements;
				CODE_SIGN_STYLE = Automatic;
				CURRENT_PROJECT_VERSION = 3;
				DEVELOPMENT_TEAM = Y9G849JS52;
				ENABLE_PREVIEWS = YES;
				FRAMEWORK_SEARCH_PATHS = "$(SRCROOT)/../shared/build/xcode-frameworks/$(CONFIGURATION)/$(SDK_NAME)";
				GENERATE_INFOPLIST_FILE = YES;
				INFOPLIST_FILE = wheretopark/Info.plist;
				INFOPLIST_KEY_CFBundleDisplayName = DevToPark;
				INFOPLIST_KEY_LSApplicationCategoryType = "public.app-category.navigation";
				INFOPLIST_KEY_NSLocationWhenInUseUsageDescription = "Location access is required to show current location on map, and display relative distance.";
				INFOPLIST_KEY_UIApplicationSceneManifest_Generation = YES;
				INFOPLIST_KEY_UIApplicationSupportsIndirectInputEvents = YES;
				INFOPLIST_KEY_UILaunchScreen_Generation = YES;
				INFOPLIST_KEY_UISupportedInterfaceOrientations_iPad = "UIInterfaceOrientationPortrait UIInterfaceOrientationPortraitUpsideDown UIInterfaceOrientationLandscapeLeft UIInterfaceOrientationLandscapeRight";
				INFOPLIST_KEY_UISupportedInterfaceOrientations_iPhone = "UIInterfaceOrientationPortrait UIInterfaceOrientationLandscapeLeft UIInterfaceOrientationLandscapeRight";
				IPHONEOS_DEPLOYMENT_TARGET = 16.0;
				LD_RUNPATH_SEARCH_PATHS = (
					"$(inherited)",
					"@executable_path/Frameworks",
				);
				MARKETING_VERSION = 0.2.0;
				OTHER_LDFLAGS = (
					"$(inherited)",
					"-framework",
					shared,
				);
				PRODUCT_BUNDLE_IDENTIFIER = app.wheretopark;
				PRODUCT_NAME = "$(TARGET_NAME)";
				SUPPORTED_PLATFORMS = "iphoneos iphonesimulator";
				SUPPORTS_MACCATALYST = NO;
				SUPPORTS_MAC_DESIGNED_FOR_IPHONE_IPAD = YES;
				SWIFT_EMIT_LOC_STRINGS = YES;
				SWIFT_OBJC_BRIDGING_HEADER = "wheretopark/Bridging-Header.h";
				SWIFT_VERSION = 5.0;
				TARGETED_DEVICE_FAMILY = "1,2";
			};
			name = Debug;
		};
		6885B3B428B6D0A400860E55 /* Release */ = {
			isa = XCBuildConfiguration;
			buildSettings = {
				ASSETCATALOG_COMPILER_APPICON_NAME = AppIcon;
				ASSETCATALOG_COMPILER_GLOBAL_ACCENT_COLOR_NAME = AccentColor;
				ASSETCATALOG_COMPILER_INCLUDE_ALL_APPICON_ASSETS = YES;
				CODE_SIGN_ENTITLEMENTS = wheretopark/wheretopark.entitlements;
				CODE_SIGN_STYLE = Automatic;
				CURRENT_PROJECT_VERSION = 3;
				DEVELOPMENT_TEAM = Y9G849JS52;
				ENABLE_PREVIEWS = YES;
				FRAMEWORK_SEARCH_PATHS = "$(SRCROOT)/../shared/build/xcode-frameworks/$(CONFIGURATION)/$(SDK_NAME)";
				GENERATE_INFOPLIST_FILE = YES;
				INFOPLIST_FILE = wheretopark/Info.plist;
				INFOPLIST_KEY_CFBundleDisplayName = WhereToPark;
				INFOPLIST_KEY_LSApplicationCategoryType = "public.app-category.navigation";
				INFOPLIST_KEY_NSLocationWhenInUseUsageDescription = "Location access is required to show current location on map, and display relative distance.";
				INFOPLIST_KEY_UIApplicationSceneManifest_Generation = YES;
				INFOPLIST_KEY_UIApplicationSupportsIndirectInputEvents = YES;
				INFOPLIST_KEY_UILaunchScreen_Generation = YES;
				INFOPLIST_KEY_UISupportedInterfaceOrientations_iPad = "UIInterfaceOrientationPortrait UIInterfaceOrientationPortraitUpsideDown UIInterfaceOrientationLandscapeLeft UIInterfaceOrientationLandscapeRight";
				INFOPLIST_KEY_UISupportedInterfaceOrientations_iPhone = "UIInterfaceOrientationPortrait UIInterfaceOrientationLandscapeLeft UIInterfaceOrientationLandscapeRight";
				IPHONEOS_DEPLOYMENT_TARGET = 16.0;
				LD_RUNPATH_SEARCH_PATHS = (
					"$(inherited)",
					"@executable_path/Frameworks",
				);
				MARKETING_VERSION = 0.2.0;
				OTHER_LDFLAGS = (
					"$(inherited)",
					"-framework",
					shared,
				);
				PRODUCT_BUNDLE_IDENTIFIER = app.wheretopark;
				PRODUCT_NAME = "$(TARGET_NAME)";
				SUPPORTED_PLATFORMS = "iphoneos iphonesimulator";
				SUPPORTS_MACCATALYST = NO;
				SUPPORTS_MAC_DESIGNED_FOR_IPHONE_IPAD = YES;
				SWIFT_EMIT_LOC_STRINGS = YES;
				SWIFT_OBJC_BRIDGING_HEADER = "wheretopark/Bridging-Header.h";
				SWIFT_VERSION = 5.0;
				TARGETED_DEVICE_FAMILY = "1,2";
			};
			name = Release;
		};
		6885B3B628B6D0A400860E55 /* Debug */ = {
			isa = XCBuildConfiguration;
			buildSettings = {
				ALWAYS_EMBED_SWIFT_STANDARD_LIBRARIES = YES;
				BUNDLE_LOADER = "$(TEST_HOST)";
				CODE_SIGN_STYLE = Automatic;
				CURRENT_PROJECT_VERSION = 1;
				DEVELOPMENT_TEAM = Y9G849JS52;
				GENERATE_INFOPLIST_FILE = YES;
				IPHONEOS_DEPLOYMENT_TARGET = 15.5;
				MARKETING_VERSION = 1.0;
				PRODUCT_BUNDLE_IDENTIFIER = app.wheretopark.iosTests;
				PRODUCT_NAME = "$(TARGET_NAME)";
				SWIFT_EMIT_LOC_STRINGS = NO;
				SWIFT_VERSION = 5.0;
				TARGETED_DEVICE_FAMILY = "1,2";
				TEST_HOST = "$(BUILT_PRODUCTS_DIR)/wheretopark.app/wheretopark";
			};
			name = Debug;
		};
		6885B3B728B6D0A400860E55 /* Release */ = {
			isa = XCBuildConfiguration;
			buildSettings = {
				ALWAYS_EMBED_SWIFT_STANDARD_LIBRARIES = YES;
				BUNDLE_LOADER = "$(TEST_HOST)";
				CODE_SIGN_STYLE = Automatic;
				CURRENT_PROJECT_VERSION = 1;
				DEVELOPMENT_TEAM = Y9G849JS52;
				GENERATE_INFOPLIST_FILE = YES;
				IPHONEOS_DEPLOYMENT_TARGET = 15.5;
				MARKETING_VERSION = 1.0;
				PRODUCT_BUNDLE_IDENTIFIER = app.wheretopark.iosTests;
				PRODUCT_NAME = "$(TARGET_NAME)";
				SWIFT_EMIT_LOC_STRINGS = NO;
				SWIFT_VERSION = 5.0;
				TARGETED_DEVICE_FAMILY = "1,2";
				TEST_HOST = "$(BUILT_PRODUCTS_DIR)/wheretopark.app/wheretopark";
			};
			name = Release;
		};
		6885B3B928B6D0A400860E55 /* Debug */ = {
			isa = XCBuildConfiguration;
			buildSettings = {
				ALWAYS_EMBED_SWIFT_STANDARD_LIBRARIES = YES;
				CODE_SIGN_STYLE = Automatic;
				CURRENT_PROJECT_VERSION = 1;
				DEVELOPMENT_TEAM = Y9G849JS52;
				GENERATE_INFOPLIST_FILE = YES;
				MARKETING_VERSION = 1.0;
				PRODUCT_BUNDLE_IDENTIFIER = app.wheretopark.iosUITests;
				PRODUCT_NAME = "$(TARGET_NAME)";
				SWIFT_EMIT_LOC_STRINGS = NO;
				SWIFT_VERSION = 5.0;
				TARGETED_DEVICE_FAMILY = "1,2";
				TEST_TARGET_NAME = ios;
			};
			name = Debug;
		};
		6885B3BA28B6D0A400860E55 /* Release */ = {
			isa = XCBuildConfiguration;
			buildSettings = {
				ALWAYS_EMBED_SWIFT_STANDARD_LIBRARIES = YES;
				CODE_SIGN_STYLE = Automatic;
				CURRENT_PROJECT_VERSION = 1;
				DEVELOPMENT_TEAM = Y9G849JS52;
				GENERATE_INFOPLIST_FILE = YES;
				MARKETING_VERSION = 1.0;
				PRODUCT_BUNDLE_IDENTIFIER = app.wheretopark.iosUITests;
				PRODUCT_NAME = "$(TARGET_NAME)";
				SWIFT_EMIT_LOC_STRINGS = NO;
				SWIFT_VERSION = 5.0;
				TARGETED_DEVICE_FAMILY = "1,2";
				TEST_TARGET_NAME = ios;
			};
			name = Release;
		};
/* End XCBuildConfiguration section */

/* Begin XCConfigurationList section */
		6885B38928B6D0A300860E55 /* Build configuration list for PBXProject "wheretopark" */ = {
			isa = XCConfigurationList;
			buildConfigurations = (
				6885B3B028B6D0A400860E55 /* Debug */,
				6885B3B128B6D0A400860E55 /* Release */,
			);
			defaultConfigurationIsVisible = 0;
			defaultConfigurationName = Release;
		};
		6885B3B228B6D0A400860E55 /* Build configuration list for PBXNativeTarget "wheretopark" */ = {
			isa = XCConfigurationList;
			buildConfigurations = (
				6885B3B328B6D0A400860E55 /* Debug */,
				6885B3B428B6D0A400860E55 /* Release */,
			);
			defaultConfigurationIsVisible = 0;
			defaultConfigurationName = Release;
		};
		6885B3B528B6D0A400860E55 /* Build configuration list for PBXNativeTarget "wheretoparkTests" */ = {
			isa = XCConfigurationList;
			buildConfigurations = (
				6885B3B628B6D0A400860E55 /* Debug */,
				6885B3B728B6D0A400860E55 /* Release */,
			);
			defaultConfigurationIsVisible = 0;
			defaultConfigurationName = Release;
		};
		6885B3B828B6D0A400860E55 /* Build configuration list for PBXNativeTarget "wheretoparkUITests" */ = {
			isa = XCConfigurationList;
			buildConfigurations = (
				6885B3B928B6D0A400860E55 /* Debug */,
				6885B3BA28B6D0A400860E55 /* Release */,
			);
			defaultConfigurationIsVisible = 0;
			defaultConfigurationName = Release;
		};
/* End XCConfigurationList section */

/* Begin XCRemoteSwiftPackageReference section */
		689874AD28B6DC0000BFA839 /* XCRemoteSwiftPackageReference "PhoneNumberKit" */ = {
			isa = XCRemoteSwiftPackageReference;
			repositoryURL = "https://github.com/marmelroy/PhoneNumberKit";
			requirement = {
				kind = upToNextMajorVersion;
				minimumVersion = 3.0.0;
			};
		};
/* End XCRemoteSwiftPackageReference section */

/* Begin XCSwiftPackageProductDependency section */
		689874AE28B6DC0000BFA839 /* PhoneNumberKit */ = {
			isa = XCSwiftPackageProductDependency;
			package = 689874AD28B6DC0000BFA839 /* XCRemoteSwiftPackageReference "PhoneNumberKit" */;
			productName = PhoneNumberKit;
		};
/* End XCSwiftPackageProductDependency section */
	};
	rootObject = 6885B38628B6D0A300860E55 /* Project object */;
}
